
Microsoft Visual Studio Solution File, Format Version 12.00
# Visual Studio Version 17
VisualStudioVersion = 17.1.32210.238
MinimumVisualStudioVersion = 10.0.40219.1
Project("{FAE04EC0-301F-11D3-BF4B-00C04F79EFBC}") = "BusinessLayer", "BusinessLayer\BusinessLayer.csproj", "{735B4245-88AE-4DCD-8FD5-D1E63ECDFF39}"
EndProject
Global
	GlobalSection(SolutionConfigurationPlatforms) = preSolution
		Debug|Any CPU = Debug|Any CPU
		Release|Any CPU = Release|Any CPU
	EndGlobalSection
	GlobalSection(ProjectConfigurationPlatforms) = postSolution
		{735B4245-88AE-4DCD-8FD5-D1E63ECDFF39}.Debug|Any CPU.ActiveCfg = Debug|Any CPU
		{735B4245-88AE-4DCD-8FD5-D1E63ECDFF39}.Debug|Any CPU.Build.0 = Debug|Any CPU
		{735B4245-88AE-4DCD-8FD5-D1E63ECDFF39}.Release|Any CPU.ActiveCfg = Release|Any CPU
		{735B4245-88AE-4DCD-8FD5-D1E63ECDFF39}.Release|Any CPU.Build.0 = Release|Any CPU
	EndGlobalSection
	GlobalSection(SolutionProperties) = preSolution
		HideSolutionNode = FALSE
	EndGlobalSection
	GlobalSection(ExtensibilityGlobals) = postSolution
		SolutionGuid = {B3DAF863-7A8C-440D-8E79-E323772E3566}
	EndGlobalSection
EndGlobal
